
Microsoft Visual Studio Solution File, Format Version 12.00
# Visual Studio 15
Project("{FAE04EC0-301F-11D3-BF4B-00C04F79EFBC}") = "PruebaNet2", "PruebaNet2\PruebaNet2.csproj", "{22D4E4A8-32DF-4B31-AC5B-094D71248E1F}"
EndProject
Global
	GlobalSection(SolutionConfigurationPlatforms) = preSolution
		Debug|anycpu = Debug|anycpu
		Release|anycpu = Release|anycpu
	EndGlobalSection
	GlobalSection(ProjectConfigurationPlatforms) = postSolution
		{22D4E4A8-32DF-4B31-AC5B-094D71248E1F}.Debug|anycpu.ActiveCfg = Debug|anycpu
		{22D4E4A8-32DF-4B31-AC5B-094D71248E1F}.Debug|anycpu.Build.0 = Debug|anycpu
		{22D4E4A8-32DF-4B31-AC5B-094D71248E1F}.Release|anycpu.ActiveCfg = Release|anycpu
		{22D4E4A8-32DF-4B31-AC5B-094D71248E1F}.Release|anycpu.Build.0 = Release|anycpu
	EndGlobalSection
EndGlobal
